# This file is automatically @generated by Cargo.
# It is not intended for manual editing.
version = 3

[[package]]
name = "make-static"
version = "0.1.0"
dependencies = [
 "markdown",
]

[[package]]
name = "markdown"
version = "1.0.0-alpha.12"
source = "registry+https://github.com/rust-lang/crates.io-index"
checksum = "08be37c7b5269bb027f69cdf446c96099d1e8da723c0d5fb78856adc6a50680f"
dependencies = [
 "unicode-id",
]

[[package]]
name = "md-transform"
version = "0.1.0"

[[package]]
name = "server"
version = "0.1.0"

[[package]]
name = "unicode-id"
version = "0.3.3"
source = "registry+https://github.com/rust-lang/crates.io-index"
checksum = "d70b6494226b36008c8366c288d77190b3fad2eb4c10533139c1c1f461127f1a"
